
Microsoft Visual Studio Solution File, Format Version 12.00
# Visual Studio Version 16
VisualStudioVersion = 16.0.33801.447
MinimumVisualStudioVersion = 10.0.40219.1
Project("{FAE04EC0-301F-11D3-BF4B-00C04F79EFBC}") = "API", "API\API.csproj", "{A7A3D9FE-C9D8-4872-98EE-3AE3AE5A2AE0}"
EndProject
Global
	GlobalSection(SolutionConfigurationPlatforms) = preSolution
		Debug|Any CPU = Debug|Any CPU
		Release|Any CPU = Release|Any CPU
	EndGlobalSection
	GlobalSection(ProjectConfigurationPlatforms) = postSolution
		{A7A3D9FE-C9D8-4872-98EE-3AE3AE5A2AE0}.Debug|Any CPU.ActiveCfg = Debug|Any CPU
		{A7A3D9FE-C9D8-4872-98EE-3AE3AE5A2AE0}.Debug|Any CPU.Build.0 = Debug|Any CPU
		{A7A3D9FE-C9D8-4872-98EE-3AE3AE5A2AE0}.Release|Any CPU.ActiveCfg = Release|Any CPU
		{A7A3D9FE-C9D8-4872-98EE-3AE3AE5A2AE0}.Release|Any CPU.Build.0 = Release|Any CPU
	EndGlobalSection
	GlobalSection(SolutionProperties) = preSolution
		HideSolutionNode = FALSE
	EndGlobalSection
	GlobalSection(ExtensibilityGlobals) = postSolution
		SolutionGuid = {710DD7B9-6D58-43C8-8F89-D6989C67814D}
	EndGlobalSection
EndGlobal
